
Microsoft Visual Studio Solution File, Format Version 12.00
# Visual Studio 15
VisualStudioVersion = 15.0.28307.1062
MinimumVisualStudioVersion = 10.0.40219.1
Project("{FAE04EC0-301F-11D3-BF4B-00C04F79EFBC}") = "ContactManager.UI", "ContactManager.UI\ContactManager.UI.csproj", "{0563925A-B8AD-4496-8897-9DFDDCEE632C}"
EndProject
Project("{FAE04EC0-301F-11D3-BF4B-00C04F79EFBC}") = "ContactManager.Business", "ContactManager.Business\ContactManager.Business.csproj", "{AF8889A5-CA0A-49A8-B26D-990F8213EC89}"
EndProject
Global
	GlobalSection(SolutionConfigurationPlatforms) = preSolution
		Debug|Any CPU = Debug|Any CPU
		Release|Any CPU = Release|Any CPU
	EndGlobalSection
	GlobalSection(ProjectConfigurationPlatforms) = postSolution
		{0563925A-B8AD-4496-8897-9DFDDCEE632C}.Debug|Any CPU.ActiveCfg = Debug|Any CPU
		{0563925A-B8AD-4496-8897-9DFDDCEE632C}.Debug|Any CPU.Build.0 = Debug|Any CPU
		{0563925A-B8AD-4496-8897-9DFDDCEE632C}.Release|Any CPU.ActiveCfg = Release|Any CPU
		{0563925A-B8AD-4496-8897-9DFDDCEE632C}.Release|Any CPU.Build.0 = Release|Any CPU
		{AF8889A5-CA0A-49A8-B26D-990F8213EC89}.Debug|Any CPU.ActiveCfg = Debug|Any CPU
		{AF8889A5-CA0A-49A8-B26D-990F8213EC89}.Debug|Any CPU.Build.0 = Debug|Any CPU
		{AF8889A5-CA0A-49A8-B26D-990F8213EC89}.Release|Any CPU.ActiveCfg = Release|Any CPU
		{AF8889A5-CA0A-49A8-B26D-990F8213EC89}.Release|Any CPU.Build.0 = Release|Any CPU
	EndGlobalSection
	GlobalSection(SolutionProperties) = preSolution
		HideSolutionNode = FALSE
	EndGlobalSection
	GlobalSection(ExtensibilityGlobals) = postSolution
		SolutionGuid = {0C5BF076-A83A-4958-8FC9-8A751B1B5812}
	EndGlobalSection
EndGlobal
